
Microsoft Visual Studio Solution File, Format Version 12.00
# Visual Studio 2013
VisualStudioVersion = 12.0.40629.0
MinimumVisualStudioVersion = 10.0.40219.1
Project("{FAE04EC0-301F-11D3-BF4B-00C04F79EFBC}") = "WacomWebSocketService", "WacomWebSocketService\WacomWebSocketService.csproj", "{A09067C8-0EA6-4A07-BD9A-BB2231811C2B}"
EndProject
Project("{54435603-DBB4-11D2-8724-00A0C9A8B90C}") = "O2Sign", "O2Sign\O2Sign.vdproj", "{E7B5EA01-DAD2-4F78-9EA6-BA4D109B63CC}"
EndProject
Global
	GlobalSection(SolutionConfigurationPlatforms) = preSolution
		CD_ROM|Any CPU = CD_ROM|Any CPU
		Debug|Any CPU = Debug|Any CPU
		DVD-5|Any CPU = DVD-5|Any CPU
		Release|Any CPU = Release|Any CPU
		SingleImage|Any CPU = SingleImage|Any CPU
	EndGlobalSection
	GlobalSection(ProjectConfigurationPlatforms) = postSolution
		{A09067C8-0EA6-4A07-BD9A-BB2231811C2B}.CD_ROM|Any CPU.ActiveCfg = Release|Any CPU
		{A09067C8-0EA6-4A07-BD9A-BB2231811C2B}.CD_ROM|Any CPU.Build.0 = Release|Any CPU
		{A09067C8-0EA6-4A07-BD9A-BB2231811C2B}.Debug|Any CPU.ActiveCfg = Debug|Any CPU
		{A09067C8-0EA6-4A07-BD9A-BB2231811C2B}.Debug|Any CPU.Build.0 = Debug|Any CPU
		{A09067C8-0EA6-4A07-BD9A-BB2231811C2B}.DVD-5|Any CPU.ActiveCfg = Debug|Any CPU
		{A09067C8-0EA6-4A07-BD9A-BB2231811C2B}.DVD-5|Any CPU.Build.0 = Debug|Any CPU
		{A09067C8-0EA6-4A07-BD9A-BB2231811C2B}.Release|Any CPU.ActiveCfg = Release|Any CPU
		{A09067C8-0EA6-4A07-BD9A-BB2231811C2B}.Release|Any CPU.Build.0 = Release|Any CPU
		{A09067C8-0EA6-4A07-BD9A-BB2231811C2B}.Release|Any CPU.Deploy.0 = Release|Any CPU
		{A09067C8-0EA6-4A07-BD9A-BB2231811C2B}.SingleImage|Any CPU.ActiveCfg = Release|Any CPU
		{A09067C8-0EA6-4A07-BD9A-BB2231811C2B}.SingleImage|Any CPU.Build.0 = Release|Any CPU
		{E7B5EA01-DAD2-4F78-9EA6-BA4D109B63CC}.CD_ROM|Any CPU.ActiveCfg = Release
		{E7B5EA01-DAD2-4F78-9EA6-BA4D109B63CC}.CD_ROM|Any CPU.Build.0 = Release
		{E7B5EA01-DAD2-4F78-9EA6-BA4D109B63CC}.Debug|Any CPU.ActiveCfg = Debug
		{E7B5EA01-DAD2-4F78-9EA6-BA4D109B63CC}.DVD-5|Any CPU.ActiveCfg = Debug
		{E7B5EA01-DAD2-4F78-9EA6-BA4D109B63CC}.DVD-5|Any CPU.Build.0 = Debug
		{E7B5EA01-DAD2-4F78-9EA6-BA4D109B63CC}.Release|Any CPU.ActiveCfg = Release
		{E7B5EA01-DAD2-4F78-9EA6-BA4D109B63CC}.SingleImage|Any CPU.ActiveCfg = Release
		{E7B5EA01-DAD2-4F78-9EA6-BA4D109B63CC}.SingleImage|Any CPU.Build.0 = Release
	EndGlobalSection
	GlobalSection(SolutionProperties) = preSolution
		HideSolutionNode = FALSE
	EndGlobalSection
EndGlobal
